
Microsoft Visual Studio Solution File, Format Version 12.00
Project("{FAE04EC0-301F-11D3-BF4B-00C04F79EFBC}") = "SevCashIF.Core", "SevCashIF.Core\SevCashIF.Core.csproj", "{15E873B5-97C9-45E3-8386-626DE4F104C5}"
EndProject
Project("{FAE04EC0-301F-11D3-BF4B-00C04F79EFBC}") = "SevCashIF.Tests", "SevCashIF.Tests\SevCashIF.Tests.csproj", "{72140C83-F732-415D-B5EC-712676ACC0DF}"
EndProject
Global
	GlobalSection(SolutionConfigurationPlatforms) = preSolution
		Debug|Any CPU = Debug|Any CPU
		Release|Any CPU = Release|Any CPU
	EndGlobalSection
	GlobalSection(ProjectConfigurationPlatforms) = postSolution
		{15E873B5-97C9-45E3-8386-626DE4F104C5}.Debug|Any CPU.ActiveCfg = Debug|Any CPU
		{15E873B5-97C9-45E3-8386-626DE4F104C5}.Debug|Any CPU.Build.0 = Debug|Any CPU
		{15E873B5-97C9-45E3-8386-626DE4F104C5}.Release|Any CPU.ActiveCfg = Release|Any CPU
		{15E873B5-97C9-45E3-8386-626DE4F104C5}.Release|Any CPU.Build.0 = Release|Any CPU
		{72140C83-F732-415D-B5EC-712676ACC0DF}.Debug|Any CPU.ActiveCfg = Debug|Any CPU
		{72140C83-F732-415D-B5EC-712676ACC0DF}.Debug|Any CPU.Build.0 = Debug|Any CPU
		{72140C83-F732-415D-B5EC-712676ACC0DF}.Release|Any CPU.ActiveCfg = Release|Any CPU
		{72140C83-F732-415D-B5EC-712676ACC0DF}.Release|Any CPU.Build.0 = Release|Any CPU
	EndGlobalSection
EndGlobal
